
Microsoft Visual Studio Solution File, Format Version 12.00
# Visual Studio Version 17
VisualStudioVersion = 17.13.35825.156
MinimumVisualStudioVersion = 10.0.40219.1
Project("{FAE04EC0-301F-11D3-BF4B-00C04F79EFBC}") = "API", "API.csproj", "{99FB9DAB-4307-4573-B6B4-D21B9D70B316}"
EndProject
Project("{FAE04EC0-301F-11D3-BF4B-00C04F79EFBC}") = "Domain", "..\Domain\Domain.csproj", "{BEA78417-DAD3-4937-A5FA-6DA2BD7A86CA}"
EndProject
Project("{FAE04EC0-301F-11D3-BF4B-00C04F79EFBC}") = "Application", "..\Application\Application.csproj", "{6220D491-8FC4-430F-BFD2-41CC6BFD8F0C}"
EndProject
Project("{FAE04EC0-301F-11D3-BF4B-00C04F79EFBC}") = "Infrastructure", "..\Infrastructure\Infrastructure.csproj", "{80BA5B36-600F-4ACC-BA7A-DDCF9BC20812}"
EndProject
Project("{FAE04EC0-301F-11D3-BF4B-00C04F79EFBC}") = "Share", "..\Share\Share.csproj", "{3A114C25-D455-45F2-8DB9-C7FA5641B682}"
EndProject
Project("{FAE04EC0-301F-11D3-BF4B-00C04F79EFBC}") = "Client", "..\Client\Client.csproj", "{BA89B313-754D-4386-B9DF-ABC043D5EB9C}"
EndProject
Global
	GlobalSection(SolutionConfigurationPlatforms) = preSolution
		Debug|Any CPU = Debug|Any CPU
		Release|Any CPU = Release|Any CPU
	EndGlobalSection
	GlobalSection(ProjectConfigurationPlatforms) = postSolution
		{99FB9DAB-4307-4573-B6B4-D21B9D70B316}.Debug|Any CPU.ActiveCfg = Debug|Any CPU
		{99FB9DAB-4307-4573-B6B4-D21B9D70B316}.Debug|Any CPU.Build.0 = Debug|Any CPU
		{99FB9DAB-4307-4573-B6B4-D21B9D70B316}.Release|Any CPU.ActiveCfg = Release|Any CPU
		{99FB9DAB-4307-4573-B6B4-D21B9D70B316}.Release|Any CPU.Build.0 = Release|Any CPU
		{BEA78417-DAD3-4937-A5FA-6DA2BD7A86CA}.Debug|Any CPU.ActiveCfg = Debug|Any CPU
		{BEA78417-DAD3-4937-A5FA-6DA2BD7A86CA}.Debug|Any CPU.Build.0 = Debug|Any CPU
		{BEA78417-DAD3-4937-A5FA-6DA2BD7A86CA}.Release|Any CPU.ActiveCfg = Release|Any CPU
		{BEA78417-DAD3-4937-A5FA-6DA2BD7A86CA}.Release|Any CPU.Build.0 = Release|Any CPU
		{6220D491-8FC4-430F-BFD2-41CC6BFD8F0C}.Debug|Any CPU.ActiveCfg = Debug|Any CPU
		{6220D491-8FC4-430F-BFD2-41CC6BFD8F0C}.Debug|Any CPU.Build.0 = Debug|Any CPU
		{6220D491-8FC4-430F-BFD2-41CC6BFD8F0C}.Release|Any CPU.ActiveCfg = Release|Any CPU
		{6220D491-8FC4-430F-BFD2-41CC6BFD8F0C}.Release|Any CPU.Build.0 = Release|Any CPU
		{80BA5B36-600F-4ACC-BA7A-DDCF9BC20812}.Debug|Any CPU.ActiveCfg = Debug|Any CPU
		{80BA5B36-600F-4ACC-BA7A-DDCF9BC20812}.Debug|Any CPU.Build.0 = Debug|Any CPU
		{80BA5B36-600F-4ACC-BA7A-DDCF9BC20812}.Release|Any CPU.ActiveCfg = Release|Any CPU
		{80BA5B36-600F-4ACC-BA7A-DDCF9BC20812}.Release|Any CPU.Build.0 = Release|Any CPU
		{3A114C25-D455-45F2-8DB9-C7FA5641B682}.Debug|Any CPU.ActiveCfg = Debug|Any CPU
		{3A114C25-D455-45F2-8DB9-C7FA5641B682}.Debug|Any CPU.Build.0 = Debug|Any CPU
		{3A114C25-D455-45F2-8DB9-C7FA5641B682}.Release|Any CPU.ActiveCfg = Release|Any CPU
		{3A114C25-D455-45F2-8DB9-C7FA5641B682}.Release|Any CPU.Build.0 = Release|Any CPU
		{BA89B313-754D-4386-B9DF-ABC043D5EB9C}.Debug|Any CPU.ActiveCfg = Debug|Any CPU
		{BA89B313-754D-4386-B9DF-ABC043D5EB9C}.Debug|Any CPU.Build.0 = Debug|Any CPU
		{BA89B313-754D-4386-B9DF-ABC043D5EB9C}.Release|Any CPU.ActiveCfg = Release|Any CPU
		{BA89B313-754D-4386-B9DF-ABC043D5EB9C}.Release|Any CPU.Build.0 = Release|Any CPU
	EndGlobalSection
	GlobalSection(SolutionProperties) = preSolution
		HideSolutionNode = FALSE
	EndGlobalSection
	GlobalSection(ExtensibilityGlobals) = postSolution
		SolutionGuid = {AD2F3556-F68E-4990-B32F-D756EB1AD0EC}
	EndGlobalSection
EndGlobal
